
Microsoft Visual Studio Solution File, Format Version 12.00
# Visual Studio Version 17
VisualStudioVersion = 17.3.32922.545
MinimumVisualStudioVersion = 10.0.40219.1
Project("{FAE04EC0-301F-11D3-BF4B-00C04F79EFBC}") = "EJERCICIO_4_HOLMAN_B", "EJERCICIO_4_HOLMAN_B\EJERCICIO_4_HOLMAN_B.csproj", "{51A3F3A2-21F1-45B3-A2DC-0EAB4FD2A934}"
EndProject
Global
	GlobalSection(SolutionConfigurationPlatforms) = preSolution
		Debug|Any CPU = Debug|Any CPU
		Release|Any CPU = Release|Any CPU
	EndGlobalSection
	GlobalSection(ProjectConfigurationPlatforms) = postSolution
		{51A3F3A2-21F1-45B3-A2DC-0EAB4FD2A934}.Debug|Any CPU.ActiveCfg = Debug|Any CPU
		{51A3F3A2-21F1-45B3-A2DC-0EAB4FD2A934}.Debug|Any CPU.Build.0 = Debug|Any CPU
		{51A3F3A2-21F1-45B3-A2DC-0EAB4FD2A934}.Release|Any CPU.ActiveCfg = Release|Any CPU
		{51A3F3A2-21F1-45B3-A2DC-0EAB4FD2A934}.Release|Any CPU.Build.0 = Release|Any CPU
	EndGlobalSection
	GlobalSection(SolutionProperties) = preSolution
		HideSolutionNode = FALSE
	EndGlobalSection
	GlobalSection(ExtensibilityGlobals) = postSolution
		SolutionGuid = {3058D44E-8656-427D-9A02-5311C1126F77}
	EndGlobalSection
EndGlobal
